
Microsoft Visual Studio Solution File, Format Version 12.00
# Visual Studio 2013
VisualStudioVersion = 12.0.21005.1
MinimumVisualStudioVersion = 10.0.40219.1
Project("{F2A71F9B-5D33-465A-A702-920D77279786}") = "FSharpDemoPresentation_FsMVC5", "FSharpDemoPresentation_FsMVC5\FSharpDemoPresentation_FsMVC5.fsproj", "{DEF7BD27-46C0-4535-BAE2-573CF8BF7766}"
EndProject
Project("{2150E333-8FDC-42A3-9474-1A3956D46DE8}") = ".nuget", ".nuget", "{AF3583BE-5E7E-4E35-9490-11EC67E9C932}"
	ProjectSection(SolutionItems) = preProject
		.nuget\packages.config = .nuget\packages.config
	EndProjectSection
EndProject
Global
	GlobalSection(TeamFoundationVersionControl) = preSolution
		SccNumberOfProjects = 2
		SccEnterpriseProvider = {4CA58AB2-18FA-4F8D-95D4-32DDF27D184C}
		SccTeamFoundationServer = https://pierrecontri.visualstudio.com/defaultcollection
		SccLocalPath0 = .
		SccProjectUniqueName1 = FSharpDemoPresentation_FsMVC5\\FSharpDemoPresentation_FsMVC5.fsproj
		SccProjectName1 = FSharpDemoPresentation_FsMVC5
		SccLocalPath1 = FSharpDemoPresentation_FsMVC5
	EndGlobalSection
	GlobalSection(SolutionConfigurationPlatforms) = preSolution
		Debug|Any CPU = Debug|Any CPU
		Release|Any CPU = Release|Any CPU
	EndGlobalSection
	GlobalSection(ProjectConfigurationPlatforms) = postSolution
		{DEF7BD27-46C0-4535-BAE2-573CF8BF7766}.Debug|Any CPU.ActiveCfg = Debug|Any CPU
		{DEF7BD27-46C0-4535-BAE2-573CF8BF7766}.Debug|Any CPU.Build.0 = Debug|Any CPU
		{DEF7BD27-46C0-4535-BAE2-573CF8BF7766}.Release|Any CPU.ActiveCfg = Release|Any CPU
		{DEF7BD27-46C0-4535-BAE2-573CF8BF7766}.Release|Any CPU.Build.0 = Release|Any CPU
	EndGlobalSection
	GlobalSection(SolutionProperties) = preSolution
		HideSolutionNode = FALSE
	EndGlobalSection
EndGlobal
