
Microsoft Visual Studio Solution File, Format Version 12.00
# Visual Studio 2013
VisualStudioVersion = 12.0.30501.0
MinimumVisualStudioVersion = 10.0.40219.1
Project("{F2A71F9B-5D33-465A-A702-920D77279786}") = "FSharpDemo1", "FSharpDemo1\FSharpDemo1.fsproj", "{8F576807-BBBC-4F77-A995-9A0E600C399B}"
EndProject
Project("{F2A71F9B-5D33-465A-A702-920D77279786}") = "FSharpDemo1.Model", "FSharpDemo1.Model\FSharpDemo1.Model.fsproj", "{43A17587-C1AF-43F9-BF7D-9FB518531FFD}"
EndProject
Project("{F2A71F9B-5D33-465A-A702-920D77279786}") = "FSharpDemo1.DAO", "FSharpDemo1.DAO\FSharpDemo1.DAO.fsproj", "{4B177FF8-6E09-4FCC-A19F-2055E042D99A}"
EndProject
Global
	GlobalSection(TeamFoundationVersionControl) = preSolution
		SccNumberOfProjects = 4
		SccEnterpriseProvider = {4CA58AB2-18FA-4F8D-95D4-32DDF27D184C}
		SccTeamFoundationServer = https://pierrecontri.visualstudio.com/defaultcollection
		SccLocalPath0 = .
		SccProjectUniqueName1 = FSharpDemo1\\FSharpDemo1.fsproj
		SccProjectName1 = FSharpDemo1
		SccLocalPath1 = FSharpDemo1
		SccProjectUniqueName2 = FSharpDemo1.Model\\FSharpDemo1.Model.fsproj
		SccProjectName2 = FSharpDemo1.Model
		SccLocalPath2 = FSharpDemo1.Model
		SccProjectUniqueName3 = FSharpDemo1.DAO\\FSharpDemo1.DAO.fsproj
		SccProjectName3 = FSharpDemo1.DAO
		SccLocalPath3 = FSharpDemo1.DAO
	EndGlobalSection
	GlobalSection(SolutionConfigurationPlatforms) = preSolution
		Debug|Any CPU = Debug|Any CPU
		Release|Any CPU = Release|Any CPU
	EndGlobalSection
	GlobalSection(ProjectConfigurationPlatforms) = postSolution
		{8F576807-BBBC-4F77-A995-9A0E600C399B}.Debug|Any CPU.ActiveCfg = Debug|Any CPU
		{8F576807-BBBC-4F77-A995-9A0E600C399B}.Debug|Any CPU.Build.0 = Debug|Any CPU
		{8F576807-BBBC-4F77-A995-9A0E600C399B}.Release|Any CPU.ActiveCfg = Release|Any CPU
		{8F576807-BBBC-4F77-A995-9A0E600C399B}.Release|Any CPU.Build.0 = Release|Any CPU
		{8F576807-BBBC-4F77-A995-9A0E600C399B}.Release|Any CPU.Deploy.0 = Release|Any CPU
		{43A17587-C1AF-43F9-BF7D-9FB518531FFD}.Debug|Any CPU.ActiveCfg = Debug|Any CPU
		{43A17587-C1AF-43F9-BF7D-9FB518531FFD}.Debug|Any CPU.Build.0 = Debug|Any CPU
		{43A17587-C1AF-43F9-BF7D-9FB518531FFD}.Release|Any CPU.ActiveCfg = Release|Any CPU
		{43A17587-C1AF-43F9-BF7D-9FB518531FFD}.Release|Any CPU.Build.0 = Release|Any CPU
		{4B177FF8-6E09-4FCC-A19F-2055E042D99A}.Debug|Any CPU.ActiveCfg = Debug|Any CPU
		{4B177FF8-6E09-4FCC-A19F-2055E042D99A}.Debug|Any CPU.Build.0 = Debug|Any CPU
		{4B177FF8-6E09-4FCC-A19F-2055E042D99A}.Release|Any CPU.ActiveCfg = Release|Any CPU
		{4B177FF8-6E09-4FCC-A19F-2055E042D99A}.Release|Any CPU.Build.0 = Release|Any CPU
	EndGlobalSection
	GlobalSection(SolutionProperties) = preSolution
		HideSolutionNode = FALSE
	EndGlobalSection
EndGlobal
